<?xml version="1.0" encoding="utf-8"?>
<Project ToolsVersion="4.0" xmlns="http://schemas.microsoft.com/developer/msbuild/2003">
  <ItemGroup>
    <Filter Include="源文件">
      <UniqueIdentifier>{4FC737F1-C7A5-4376-A066-2A32D752A2FF}</UniqueIdentifier>
      <Extensions>cpp;c;cc;cxx;def;odl;idl;hpj;bat;asm;asmx</Extensions>
    </Filter>
    <Filter Include="头文件">
      <UniqueIdentifier>{93995380-89BD-4b04-88EB-625FBE52EBFB}</UniqueIdentifier>
      <Extensions>h;hpp;hxx;hm;inl;inc;xsd</Extensions>
    </Filter>
    <Filter Include="资源文件">
      <UniqueIdentifier>{67DA6AB6-F800-4c08-8B7A-83BB121AAD01}</UniqueIdentifier>
      <Extensions>rc;ico;cur;bmp;dlg;rc2;rct;bin;rgs;gif;jpg;jpeg;jpe;resx;tiff;tif;png;wav;mfcribbon-ms</Extensions>
    </Filter>
  </ItemGroup>
  <ItemGroup>
    <None Include="ReadMe.txt" />
  </ItemGroup>
  <ItemGroup>
    <ClInclude Include="stdafx.h">
      <Filter>头文件</Filter>
    </ClInclude>
    <ClInclude Include="targetver.h">
      <Filter>头文件</Filter>
    </ClInclude>
    <ClInclude Include="CqUsbCam.h">
      <Filter>头文件</Filter>
    </ClInclude>
    <ClInclude Include="CyAPI.h">
      <Filter>头文件</Filter>
    </ClInclude>
    <ClInclude Include="DataCapture.h">
      <Filter>头文件</Filter>
    </ClInclude>
    <ClInclude Include="DataProcess.h">
      <Filter>头文件</Filter>
    </ClInclude>
    <ClInclude Include="ImgFrame.h">
      <Filter>头文件</Filter>
    </ClInclude>
    <ClInclude Include="SensorCapbablity.h">
      <Filter>头文件</Filter>
    </ClInclude>
    <ClInclude Include="tagSensor.h">
      <Filter>头文件</Filter>
    </ClInclude>
    <ClInclude Include="Types.h">
      <Filter>头文件</Filter>
    </ClInclude>
    <ClInclude Include="wqueue.h">
      <Filter>头文件</Filter>
    </ClInclude>
    <ClInclude Include="sensors\AR0135.h">
      <Filter>头文件</Filter>
    </ClInclude>
    <ClInclude Include="sensors\MT9V034.h">
      <Filter>头文件</Filter>
    </ClInclude>
    <ClInclude Include="SendOrder.h">
      <Filter>头文件</Filter>
    </ClInclude>
    <ClInclude Include="devInfo.h">
      <Filter>头文件</Filter>
    </ClInclude>
    <ClInclude Include="CqUsbCam_API.h">
      <Filter>头文件</Filter>
    </ClInclude>
    <ClInclude Include="sensors\SC130GS.h">
      <Filter>头文件</Filter>
    </ClInclude>
  </ItemGroup>
  <ItemGroup>
    <ClCompile Include="stdafx.cpp">
      <Filter>源文件</Filter>
    </ClCompile>
    <ClCompile Include="CqUsbCam.cpp">
      <Filter>源文件</Filter>
    </ClCompile>
    <ClCompile Include="DataCapture.cpp">
      <Filter>源文件</Filter>
    </ClCompile>
    <ClCompile Include="DataProcess.cpp">
      <Filter>源文件</Filter>
    </ClCompile>
    <ClCompile Include="sensors\AR0135.cpp">
      <Filter>源文件</Filter>
    </ClCompile>
    <ClCompile Include="sensors\MT9V034.cpp">
      <Filter>源文件</Filter>
    </ClCompile>
    <ClCompile Include="sensors\MT9M001.cpp">
      <Filter>源文件</Filter>
    </ClCompile>
    <ClCompile Include="SendOrder.cpp">
      <Filter>源文件</Filter>
    </ClCompile>
    <ClCompile Include="CqUsbCam_API.cpp">
      <Filter>源文件</Filter>
    </ClCompile>
    <ClCompile Include="sensors\SC130GS.cpp">
      <Filter>源文件</Filter>
    </ClCompile>
  </ItemGroup>
</Project>